
Microsoft Visual Studio Solution File, Format Version 12.00
Project("{2150E333-8FDC-42A3-9474-1A3956D46DE8}") = "M1", "M1", "{93B9BA19-44BC-499F-9F1B-D84D1E45218E}"
EndProject
Project("{FAE04EC0-301F-11D3-BF4B-00C04F79EFBC}") = "M1", "M1\src\M1\M1.csproj", "{C3EBDF5D-614D-43D9-9E4D-97A447B623C1}"
EndProject
Project("{FAE04EC0-301F-11D3-BF4B-00C04F79EFBC}") = "M1.Tests", "M1\tests\M1.Tests\M1.Tests.csproj", "{975ED3AC-B21C-49D3-88BB-E5C404146549}"
EndProject
Project("{2150E333-8FDC-42A3-9474-1A3956D46DE8}") = "M2", "M2", "{E3CE3270-58AA-4B2F-B4BD-F052226434BB}"
EndProject
Project("{FAE04EC0-301F-11D3-BF4B-00C04F79EFBC}") = "M2", "M2\src\M2\M2.csproj", "{B194D612-4A51-4D5B-83FC-BA1A254C8C3F}"
EndProject
Project("{FAE04EC0-301F-11D3-BF4B-00C04F79EFBC}") = "M2.Tests", "M2\M2.Tests\M2.Tests.csproj", "{E8DB6A37-7F01-4061-BBD2-61819C5198AC}"
EndProject
Project("{2150E333-8FDC-42A3-9474-1A3956D46DE8}") = "M3", "M3", "{4242EBB3-9DE0-40C7-B251-733553EF67A9}"
EndProject
Project("{FAE04EC0-301F-11D3-BF4B-00C04F79EFBC}") = "ReactModule", "M3\ReactModule\ReactModule.csproj", "{22C6512E-02C6-429E-9475-1CF106CF99FF}"
EndProject
Project("{2150E333-8FDC-42A3-9474-1A3956D46DE8}") = "M4", "M4", "{53985DC0-8F5F-42DE-AF0B-0F59CE208399}"
EndProject
Project("{FAE04EC0-301F-11D3-BF4B-00C04F79EFBC}") = "RedisPublisher", "RedisPublisher\RedisPublisher.csproj", "{E4ABD989-E286-4667-AAA8-27FD421C62DB}"
EndProject
Project("{FAE04EC0-301F-11D3-BF4B-00C04F79EFBC}") = "RedisSubscriber", "RedisSubscriber\RedisSubscriber.csproj", "{5132A1A7-E56B-4BE2-BE66-2FE2D5DEF2CE}"
EndProject
Project("{FAE04EC0-301F-11D3-BF4B-00C04F79EFBC}") = "Elastic", "Elastic\Elastic.csproj", "{70EE652E-C785-4CE9-8F23-8C5B7A2116ED}"
EndProject
Project("{2150E333-8FDC-42A3-9474-1A3956D46DE8}") = "M5", "M5", "{187DDD4D-1400-4C6E-9885-20B6AC837B5C}"
EndProject
Project("{FAE04EC0-301F-11D3-BF4B-00C04F79EFBC}") = "Azure", "Azure\Azure.csproj", "{D2D54A34-040D-488D-98D5-9E7D8859A605}"
EndProject
Project("{2150E333-8FDC-42A3-9474-1A3956D46DE8}") = "M6", "M6", "{26E056E3-6ECE-4485-8448-84205B28806F}"
EndProject
Project("{FAE04EC0-301F-11D3-BF4B-00C04F79EFBC}") = "Quality", "Quality\Quality.csproj", "{A3C9063F-9CC6-4172-B2D2-CCA6705C660F}"
EndProject
Project("{2150E333-8FDC-42A3-9474-1A3956D46DE8}") = "M7", "M7", "{83C9E33D-296C-447B-A609-F22EE9693D48}"
EndProject
Project("{FAE04EC0-301F-11D3-BF4B-00C04F79EFBC}") = "Architecture", "Architecture\Architecture.csproj", "{C98791A2-BBE6-4167-8783-4598339A989B}"
EndProject
Project("{2150E333-8FDC-42A3-9474-1A3956D46DE8}") = "M8", "M8", "{9495F7FF-8700-44DC-8E07-A2E0C0C8811F}"
EndProject
Project("{FAE04EC0-301F-11D3-BF4B-00C04F79EFBC}") = "Performance", "Performance\Performance.csproj", "{87250D33-9E78-4570-A647-CDC9C6478D58}"
EndProject
Global
	GlobalSection(SolutionConfigurationPlatforms) = preSolution
		Debug|Any CPU = Debug|Any CPU
		Release|Any CPU = Release|Any CPU
	EndGlobalSection
	GlobalSection(ProjectConfigurationPlatforms) = postSolution
		{C3EBDF5D-614D-43D9-9E4D-97A447B623C1}.Debug|Any CPU.ActiveCfg = Debug|Any CPU
		{C3EBDF5D-614D-43D9-9E4D-97A447B623C1}.Debug|Any CPU.Build.0 = Debug|Any CPU
		{C3EBDF5D-614D-43D9-9E4D-97A447B623C1}.Release|Any CPU.ActiveCfg = Release|Any CPU
		{C3EBDF5D-614D-43D9-9E4D-97A447B623C1}.Release|Any CPU.Build.0 = Release|Any CPU
		{975ED3AC-B21C-49D3-88BB-E5C404146549}.Debug|Any CPU.ActiveCfg = Debug|Any CPU
		{975ED3AC-B21C-49D3-88BB-E5C404146549}.Debug|Any CPU.Build.0 = Debug|Any CPU
		{975ED3AC-B21C-49D3-88BB-E5C404146549}.Release|Any CPU.ActiveCfg = Release|Any CPU
		{975ED3AC-B21C-49D3-88BB-E5C404146549}.Release|Any CPU.Build.0 = Release|Any CPU
		{B194D612-4A51-4D5B-83FC-BA1A254C8C3F}.Debug|Any CPU.ActiveCfg = Debug|Any CPU
		{B194D612-4A51-4D5B-83FC-BA1A254C8C3F}.Debug|Any CPU.Build.0 = Debug|Any CPU
		{B194D612-4A51-4D5B-83FC-BA1A254C8C3F}.Release|Any CPU.ActiveCfg = Release|Any CPU
		{B194D612-4A51-4D5B-83FC-BA1A254C8C3F}.Release|Any CPU.Build.0 = Release|Any CPU
		{E8DB6A37-7F01-4061-BBD2-61819C5198AC}.Debug|Any CPU.ActiveCfg = Debug|Any CPU
		{E8DB6A37-7F01-4061-BBD2-61819C5198AC}.Debug|Any CPU.Build.0 = Debug|Any CPU
		{E8DB6A37-7F01-4061-BBD2-61819C5198AC}.Release|Any CPU.ActiveCfg = Release|Any CPU
		{E8DB6A37-7F01-4061-BBD2-61819C5198AC}.Release|Any CPU.Build.0 = Release|Any CPU
		{22C6512E-02C6-429E-9475-1CF106CF99FF}.Debug|Any CPU.ActiveCfg = Debug|Any CPU
		{22C6512E-02C6-429E-9475-1CF106CF99FF}.Debug|Any CPU.Build.0 = Debug|Any CPU
		{22C6512E-02C6-429E-9475-1CF106CF99FF}.Release|Any CPU.ActiveCfg = Release|Any CPU
		{22C6512E-02C6-429E-9475-1CF106CF99FF}.Release|Any CPU.Build.0 = Release|Any CPU
		{E4ABD989-E286-4667-AAA8-27FD421C62DB}.Debug|Any CPU.ActiveCfg = Debug|Any CPU
		{E4ABD989-E286-4667-AAA8-27FD421C62DB}.Debug|Any CPU.Build.0 = Debug|Any CPU
		{E4ABD989-E286-4667-AAA8-27FD421C62DB}.Release|Any CPU.ActiveCfg = Release|Any CPU
		{E4ABD989-E286-4667-AAA8-27FD421C62DB}.Release|Any CPU.Build.0 = Release|Any CPU
		{5132A1A7-E56B-4BE2-BE66-2FE2D5DEF2CE}.Debug|Any CPU.ActiveCfg = Debug|Any CPU
		{5132A1A7-E56B-4BE2-BE66-2FE2D5DEF2CE}.Debug|Any CPU.Build.0 = Debug|Any CPU
		{5132A1A7-E56B-4BE2-BE66-2FE2D5DEF2CE}.Release|Any CPU.ActiveCfg = Release|Any CPU
		{5132A1A7-E56B-4BE2-BE66-2FE2D5DEF2CE}.Release|Any CPU.Build.0 = Release|Any CPU
		{70EE652E-C785-4CE9-8F23-8C5B7A2116ED}.Debug|Any CPU.ActiveCfg = Debug|Any CPU
		{70EE652E-C785-4CE9-8F23-8C5B7A2116ED}.Debug|Any CPU.Build.0 = Debug|Any CPU
		{70EE652E-C785-4CE9-8F23-8C5B7A2116ED}.Release|Any CPU.ActiveCfg = Release|Any CPU
		{70EE652E-C785-4CE9-8F23-8C5B7A2116ED}.Release|Any CPU.Build.0 = Release|Any CPU
		{D2D54A34-040D-488D-98D5-9E7D8859A605}.Debug|Any CPU.ActiveCfg = Debug|Any CPU
		{D2D54A34-040D-488D-98D5-9E7D8859A605}.Debug|Any CPU.Build.0 = Debug|Any CPU
		{D2D54A34-040D-488D-98D5-9E7D8859A605}.Release|Any CPU.ActiveCfg = Release|Any CPU
		{D2D54A34-040D-488D-98D5-9E7D8859A605}.Release|Any CPU.Build.0 = Release|Any CPU
		{A3C9063F-9CC6-4172-B2D2-CCA6705C660F}.Debug|Any CPU.ActiveCfg = Debug|Any CPU
		{A3C9063F-9CC6-4172-B2D2-CCA6705C660F}.Debug|Any CPU.Build.0 = Debug|Any CPU
		{A3C9063F-9CC6-4172-B2D2-CCA6705C660F}.Release|Any CPU.ActiveCfg = Release|Any CPU
		{A3C9063F-9CC6-4172-B2D2-CCA6705C660F}.Release|Any CPU.Build.0 = Release|Any CPU
		{C98791A2-BBE6-4167-8783-4598339A989B}.Debug|Any CPU.ActiveCfg = Debug|Any CPU
		{C98791A2-BBE6-4167-8783-4598339A989B}.Debug|Any CPU.Build.0 = Debug|Any CPU
		{C98791A2-BBE6-4167-8783-4598339A989B}.Release|Any CPU.ActiveCfg = Release|Any CPU
		{C98791A2-BBE6-4167-8783-4598339A989B}.Release|Any CPU.Build.0 = Release|Any CPU
		{87250D33-9E78-4570-A647-CDC9C6478D58}.Debug|Any CPU.ActiveCfg = Debug|Any CPU
		{87250D33-9E78-4570-A647-CDC9C6478D58}.Debug|Any CPU.Build.0 = Debug|Any CPU
		{87250D33-9E78-4570-A647-CDC9C6478D58}.Release|Any CPU.ActiveCfg = Release|Any CPU
		{87250D33-9E78-4570-A647-CDC9C6478D58}.Release|Any CPU.Build.0 = Release|Any CPU
	EndGlobalSection
	GlobalSection(NestedProjects) = preSolution
		{C3EBDF5D-614D-43D9-9E4D-97A447B623C1} = {93B9BA19-44BC-499F-9F1B-D84D1E45218E}
		{975ED3AC-B21C-49D3-88BB-E5C404146549} = {93B9BA19-44BC-499F-9F1B-D84D1E45218E}
		{B194D612-4A51-4D5B-83FC-BA1A254C8C3F} = {E3CE3270-58AA-4B2F-B4BD-F052226434BB}
		{E8DB6A37-7F01-4061-BBD2-61819C5198AC} = {E3CE3270-58AA-4B2F-B4BD-F052226434BB}
		{22C6512E-02C6-429E-9475-1CF106CF99FF} = {4242EBB3-9DE0-40C7-B251-733553EF67A9}
		{E4ABD989-E286-4667-AAA8-27FD421C62DB} = {53985DC0-8F5F-42DE-AF0B-0F59CE208399}
		{5132A1A7-E56B-4BE2-BE66-2FE2D5DEF2CE} = {53985DC0-8F5F-42DE-AF0B-0F59CE208399}
		{70EE652E-C785-4CE9-8F23-8C5B7A2116ED} = {53985DC0-8F5F-42DE-AF0B-0F59CE208399}
		{D2D54A34-040D-488D-98D5-9E7D8859A605} = {187DDD4D-1400-4C6E-9885-20B6AC837B5C}
		{A3C9063F-9CC6-4172-B2D2-CCA6705C660F} = {26E056E3-6ECE-4485-8448-84205B28806F}
		{C98791A2-BBE6-4167-8783-4598339A989B} = {83C9E33D-296C-447B-A609-F22EE9693D48}
		{87250D33-9E78-4570-A647-CDC9C6478D58} = {9495F7FF-8700-44DC-8E07-A2E0C0C8811F}
	EndGlobalSection
EndGlobal
