
Microsoft Visual Studio Solution File, Format Version 12.00
Project("{2150E333-8FDC-42A3-9474-1A3956D46DE8}") = "M1", "M1", "{93B9BA19-44BC-499F-9F1B-D84D1E45218E}"
EndProject
Project("{FAE04EC0-301F-11D3-BF4B-00C04F79EFBC}") = "M1", "M1\src\M1\M1.csproj", "{C3EBDF5D-614D-43D9-9E4D-97A447B623C1}"
EndProject
Project("{FAE04EC0-301F-11D3-BF4B-00C04F79EFBC}") = "M1.Tests", "M1\tests\M1.Tests\M1.Tests.csproj", "{975ED3AC-B21C-49D3-88BB-E5C404146549}"
EndProject
Project("{2150E333-8FDC-42A3-9474-1A3956D46DE8}") = "M2", "M2", "{E3CE3270-58AA-4B2F-B4BD-F052226434BB}"
EndProject
Project("{FAE04EC0-301F-11D3-BF4B-00C04F79EFBC}") = "M2", "M2\src\M2\M2.csproj", "{B194D612-4A51-4D5B-83FC-BA1A254C8C3F}"
EndProject
Project("{FAE04EC0-301F-11D3-BF4B-00C04F79EFBC}") = "M2.Tests", "M2\M2.Tests\M2.Tests.csproj", "{E8DB6A37-7F01-4061-BBD2-61819C5198AC}"
EndProject
Global
	GlobalSection(SolutionConfigurationPlatforms) = preSolution
		Debug|Any CPU = Debug|Any CPU
		Release|Any CPU = Release|Any CPU
	EndGlobalSection
	GlobalSection(ProjectConfigurationPlatforms) = postSolution
		{C3EBDF5D-614D-43D9-9E4D-97A447B623C1}.Debug|Any CPU.ActiveCfg = Debug|Any CPU
		{C3EBDF5D-614D-43D9-9E4D-97A447B623C1}.Debug|Any CPU.Build.0 = Debug|Any CPU
		{C3EBDF5D-614D-43D9-9E4D-97A447B623C1}.Release|Any CPU.ActiveCfg = Release|Any CPU
		{C3EBDF5D-614D-43D9-9E4D-97A447B623C1}.Release|Any CPU.Build.0 = Release|Any CPU
		{975ED3AC-B21C-49D3-88BB-E5C404146549}.Debug|Any CPU.ActiveCfg = Debug|Any CPU
		{975ED3AC-B21C-49D3-88BB-E5C404146549}.Debug|Any CPU.Build.0 = Debug|Any CPU
		{975ED3AC-B21C-49D3-88BB-E5C404146549}.Release|Any CPU.ActiveCfg = Release|Any CPU
		{975ED3AC-B21C-49D3-88BB-E5C404146549}.Release|Any CPU.Build.0 = Release|Any CPU
		{B194D612-4A51-4D5B-83FC-BA1A254C8C3F}.Debug|Any CPU.ActiveCfg = Debug|Any CPU
		{B194D612-4A51-4D5B-83FC-BA1A254C8C3F}.Debug|Any CPU.Build.0 = Debug|Any CPU
		{B194D612-4A51-4D5B-83FC-BA1A254C8C3F}.Release|Any CPU.ActiveCfg = Release|Any CPU
		{B194D612-4A51-4D5B-83FC-BA1A254C8C3F}.Release|Any CPU.Build.0 = Release|Any CPU
		{E8DB6A37-7F01-4061-BBD2-61819C5198AC}.Debug|Any CPU.ActiveCfg = Debug|Any CPU
		{E8DB6A37-7F01-4061-BBD2-61819C5198AC}.Debug|Any CPU.Build.0 = Debug|Any CPU
		{E8DB6A37-7F01-4061-BBD2-61819C5198AC}.Release|Any CPU.ActiveCfg = Release|Any CPU
		{E8DB6A37-7F01-4061-BBD2-61819C5198AC}.Release|Any CPU.Build.0 = Release|Any CPU
	EndGlobalSection
	GlobalSection(NestedProjects) = preSolution
		{C3EBDF5D-614D-43D9-9E4D-97A447B623C1} = {93B9BA19-44BC-499F-9F1B-D84D1E45218E}
		{975ED3AC-B21C-49D3-88BB-E5C404146549} = {93B9BA19-44BC-499F-9F1B-D84D1E45218E}
		{B194D612-4A51-4D5B-83FC-BA1A254C8C3F} = {E3CE3270-58AA-4B2F-B4BD-F052226434BB}
		{E8DB6A37-7F01-4061-BBD2-61819C5198AC} = {E3CE3270-58AA-4B2F-B4BD-F052226434BB}
	EndGlobalSection
EndGlobal
